
Microsoft Visual Studio Solution File, Format Version 12.00
# Visual Studio 15
VisualStudioVersion = 15.0.26124.0
MinimumVisualStudioVersion = 15.0.26124.0
Project("{F2A71F9B-5D33-465A-A702-920D77279786}") = "AstroSharp.Core", "AstroSharp.Core\AstroSharp.Core.fsproj", "{24856802-FCC5-46F2-8263-E6E121B947E2}"
EndProject
Project("{F2A71F9B-5D33-465A-A702-920D77279786}") = "AstroSharp.Test", "AstroSharp.Test\AstroSharp.Test.fsproj", "{EAAC6D39-5E6A-4C39-935B-197BAB2B5D41}"
EndProject
Global
	GlobalSection(SolutionConfigurationPlatforms) = preSolution
		Debug|Any CPU = Debug|Any CPU
		Debug|x64 = Debug|x64
		Debug|x86 = Debug|x86
		Release|Any CPU = Release|Any CPU
		Release|x64 = Release|x64
		Release|x86 = Release|x86
	EndGlobalSection
	GlobalSection(SolutionProperties) = preSolution
		HideSolutionNode = FALSE
	EndGlobalSection
	GlobalSection(ProjectConfigurationPlatforms) = postSolution
		{24856802-FCC5-46F2-8263-E6E121B947E2}.Debug|Any CPU.ActiveCfg = Debug|Any CPU
		{24856802-FCC5-46F2-8263-E6E121B947E2}.Debug|Any CPU.Build.0 = Debug|Any CPU
		{24856802-FCC5-46F2-8263-E6E121B947E2}.Debug|x64.ActiveCfg = Debug|Any CPU
		{24856802-FCC5-46F2-8263-E6E121B947E2}.Debug|x64.Build.0 = Debug|Any CPU
		{24856802-FCC5-46F2-8263-E6E121B947E2}.Debug|x86.ActiveCfg = Debug|Any CPU
		{24856802-FCC5-46F2-8263-E6E121B947E2}.Debug|x86.Build.0 = Debug|Any CPU
		{24856802-FCC5-46F2-8263-E6E121B947E2}.Release|Any CPU.ActiveCfg = Release|Any CPU
		{24856802-FCC5-46F2-8263-E6E121B947E2}.Release|Any CPU.Build.0 = Release|Any CPU
		{24856802-FCC5-46F2-8263-E6E121B947E2}.Release|x64.ActiveCfg = Release|Any CPU
		{24856802-FCC5-46F2-8263-E6E121B947E2}.Release|x64.Build.0 = Release|Any CPU
		{24856802-FCC5-46F2-8263-E6E121B947E2}.Release|x86.ActiveCfg = Release|Any CPU
		{24856802-FCC5-46F2-8263-E6E121B947E2}.Release|x86.Build.0 = Release|Any CPU
		{EAAC6D39-5E6A-4C39-935B-197BAB2B5D41}.Debug|Any CPU.ActiveCfg = Debug|Any CPU
		{EAAC6D39-5E6A-4C39-935B-197BAB2B5D41}.Debug|Any CPU.Build.0 = Debug|Any CPU
		{EAAC6D39-5E6A-4C39-935B-197BAB2B5D41}.Debug|x64.ActiveCfg = Debug|Any CPU
		{EAAC6D39-5E6A-4C39-935B-197BAB2B5D41}.Debug|x64.Build.0 = Debug|Any CPU
		{EAAC6D39-5E6A-4C39-935B-197BAB2B5D41}.Debug|x86.ActiveCfg = Debug|Any CPU
		{EAAC6D39-5E6A-4C39-935B-197BAB2B5D41}.Debug|x86.Build.0 = Debug|Any CPU
		{EAAC6D39-5E6A-4C39-935B-197BAB2B5D41}.Release|Any CPU.ActiveCfg = Release|Any CPU
		{EAAC6D39-5E6A-4C39-935B-197BAB2B5D41}.Release|Any CPU.Build.0 = Release|Any CPU
		{EAAC6D39-5E6A-4C39-935B-197BAB2B5D41}.Release|x64.ActiveCfg = Release|Any CPU
		{EAAC6D39-5E6A-4C39-935B-197BAB2B5D41}.Release|x64.Build.0 = Release|Any CPU
		{EAAC6D39-5E6A-4C39-935B-197BAB2B5D41}.Release|x86.ActiveCfg = Release|Any CPU
		{EAAC6D39-5E6A-4C39-935B-197BAB2B5D41}.Release|x86.Build.0 = Release|Any CPU
	EndGlobalSection
EndGlobal
